
Microsoft Visual Studio Solution File, Format Version 12.00
# Visual Studio Version 16
VisualStudioVersion = 16.0.29806.167
MinimumVisualStudioVersion = 10.0.40219.1
Project("{8BC9CEB8-8B4A-11D0-8D11-00A0C91BC942}") = "Paintball1", "Paintball1\Paintball1.vcxproj", "{E817A1F3-0D4F-4D8E-895E-8EECD8341E63}"
EndProject
Global
	GlobalSection(SolutionConfigurationPlatforms) = preSolution
		Debug|x64 = Debug|x64
		Debug|x86 = Debug|x86
		Release|x64 = Release|x64
		Release|x86 = Release|x86
	EndGlobalSection
	GlobalSection(ProjectConfigurationPlatforms) = postSolution
		{E817A1F3-0D4F-4D8E-895E-8EECD8341E63}.Debug|x64.ActiveCfg = Debug|x64
		{E817A1F3-0D4F-4D8E-895E-8EECD8341E63}.Debug|x64.Build.0 = Debug|x64
		{E817A1F3-0D4F-4D8E-895E-8EECD8341E63}.Debug|x86.ActiveCfg = Debug|Win32
		{E817A1F3-0D4F-4D8E-895E-8EECD8341E63}.Debug|x86.Build.0 = Debug|Win32
		{E817A1F3-0D4F-4D8E-895E-8EECD8341E63}.Release|x64.ActiveCfg = Release|x64
		{E817A1F3-0D4F-4D8E-895E-8EECD8341E63}.Release|x64.Build.0 = Release|x64
		{E817A1F3-0D4F-4D8E-895E-8EECD8341E63}.Release|x86.ActiveCfg = Release|Win32
		{E817A1F3-0D4F-4D8E-895E-8EECD8341E63}.Release|x86.Build.0 = Release|Win32
	EndGlobalSection
	GlobalSection(SolutionProperties) = preSolution
		HideSolutionNode = FALSE
	EndGlobalSection
	GlobalSection(ExtensibilityGlobals) = postSolution
		SolutionGuid = {09E6DC3C-8B6C-45A6-968C-8BB6FD10C695}
	EndGlobalSection
EndGlobal
